Microsoft Visual Studio Solution File, Format Version 11.00
# Visual Studio 2010
Project("{8BC9CEB8-8B4A-11D0-8D11-00A0C91BC942}") = "Caelum", "Caelum-0.5.0\main\Caelum_vs9.vcxproj", "{A46CAB97-7D11-2041-998E-0040A09A0D47}"
EndProject
Project("{8BC9CEB8-8B4A-11D0-8D11-00A0C91BC942}") = "Hydrax", "Hydrax-v0.5.1\Hydrax\Hydrax.vcxproj", "{5506C2AB-7DD1-47BB-A77D-EB26E52BE41C}"
EndProject
Project("{8BC9CEB8-8B4A-11D0-8D11-00A0C91BC942}") = "MyGUIEngine", "MyGUI3.0\solution_ogre\MyGUIEngine\MyGUIEngine.vcxproj", "{36832F70-6C9C-4495-B201-4EC0EA5ED635}"
EndProject
Project("{8BC9CEB8-8B4A-11D0-8D11-00A0C91BC942}") = "MyGUI.OgrePlatform", "MyGUI3.0\solution_ogre\Platforms\Ogre\OgrePlatform\MyGUI.OgrePlatform.vcxproj", "{4BDE8392-B227-4D2A-8C44-DFFDB30E1914}"
EndProject
Project("{8BC9CEB8-8B4A-11D0-8D11-00A0C91BC942}") = "ode", "Ode\build\vs2008\ode.vcxproj", "{EB2BA22F-CD20-BB42-95C6-F8ED3795FA13}"
EndProject
Project("{8BC9CEB8-8B4A-11D0-8D11-00A0C91BC942}") = "ScriptEngine", "tolua++-1.0.93\ScriptEngine.vcxproj", "{71891C1A-E328-4258-AC3F-6F9698C6D8B4}"
EndProject
Global
	GlobalSection(SolutionConfigurationPlatforms) = preSolution
		Debug|Win32 = Debug|Win32
		DebugDoubleDLL|Win32 = DebugDoubleDLL|Win32
		DebugDoubleLib|Win32 = DebugDoubleLib|Win32
		DebugSingleDLL|Win32 = DebugSingleDLL|Win32
		DebugSingleLib|Win32 = DebugSingleLib|Win32
		Lua51_Debug|Win32 = Lua51_Debug|Win32
		Lua51_Release|Win32 = Lua51_Release|Win32
		Release|Win32 = Release|Win32
		ReleaseDoubleDLL|Win32 = ReleaseDoubleDLL|Win32
		ReleaseDoubleLib|Win32 = ReleaseDoubleLib|Win32
		ReleaseSingleDLL|Win32 = ReleaseSingleDLL|Win32
		ReleaseSingleLib|Win32 = ReleaseSingleLib|Win32
	EndGlobalSection
	GlobalSection(ProjectConfigurationPlatforms) = postSolution
		{A46CAB97-7D11-2041-998E-0040A09A0D47}.Debug|Win32.ActiveCfg = Debug|Win32
		{A46CAB97-7D11-2041-998E-0040A09A0D47}.Debug|Win32.Build.0 = Debug|Win32
		{A46CAB97-7D11-2041-998E-0040A09A0D47}.DebugDoubleDLL|Win32.ActiveCfg = Debug|Win32
		{A46CAB97-7D11-2041-998E-0040A09A0D47}.DebugDoubleDLL|Win32.Build.0 = Debug|Win32
		{A46CAB97-7D11-2041-998E-0040A09A0D47}.DebugDoubleLib|Win32.ActiveCfg = Debug|Win32
		{A46CAB97-7D11-2041-998E-0040A09A0D47}.DebugDoubleLib|Win32.Build.0 = Debug|Win32
		{A46CAB97-7D11-2041-998E-0040A09A0D47}.DebugSingleDLL|Win32.ActiveCfg = Debug|Win32
		{A46CAB97-7D11-2041-998E-0040A09A0D47}.DebugSingleDLL|Win32.Build.0 = Debug|Win32
		{A46CAB97-7D11-2041-998E-0040A09A0D47}.DebugSingleLib|Win32.ActiveCfg = Debug|Win32
		{A46CAB97-7D11-2041-998E-0040A09A0D47}.DebugSingleLib|Win32.Build.0 = Debug|Win32
		{A46CAB97-7D11-2041-998E-0040A09A0D47}.Lua51_Debug|Win32.ActiveCfg = Debug|Win32
		{A46CAB97-7D11-2041-998E-0040A09A0D47}.Lua51_Debug|Win32.Build.0 = Debug|Win32
		{A46CAB97-7D11-2041-998E-0040A09A0D47}.Lua51_Release|Win32.ActiveCfg = Release|Win32
		{A46CAB97-7D11-2041-998E-0040A09A0D47}.Lua51_Release|Win32.Build.0 = Release|Win32
		{A46CAB97-7D11-2041-998E-0040A09A0D47}.Release|Win32.ActiveCfg = Release|Win32
		{A46CAB97-7D11-2041-998E-0040A09A0D47}.Release|Win32.Build.0 = Release|Win32
		{A46CAB97-7D11-2041-998E-0040A09A0D47}.ReleaseDoubleDLL|Win32.ActiveCfg = Release|Win32
		{A46CAB97-7D11-2041-998E-0040A09A0D47}.ReleaseDoubleDLL|Win32.Build.0 = Release|Win32
		{A46CAB97-7D11-2041-998E-0040A09A0D47}.ReleaseDoubleLib|Win32.ActiveCfg = Release|Win32
		{A46CAB97-7D11-2041-998E-0040A09A0D47}.ReleaseDoubleLib|Win32.Build.0 = Release|Win32
		{A46CAB97-7D11-2041-998E-0040A09A0D47}.ReleaseSingleDLL|Win32.ActiveCfg = Release|Win32
		{A46CAB97-7D11-2041-998E-0040A09A0D47}.ReleaseSingleDLL|Win32.Build.0 = Release|Win32
		{A46CAB97-7D11-2041-998E-0040A09A0D47}.ReleaseSingleLib|Win32.ActiveCfg = Release|Win32
		{A46CAB97-7D11-2041-998E-0040A09A0D47}.ReleaseSingleLib|Win32.Build.0 = Release|Win32
		{5506C2AB-7DD1-47BB-A77D-EB26E52BE41C}.Debug|Win32.ActiveCfg = Debug|Win32
		{5506C2AB-7DD1-47BB-A77D-EB26E52BE41C}.Debug|Win32.Build.0 = Debug|Win32
		{5506C2AB-7DD1-47BB-A77D-EB26E52BE41C}.DebugDoubleDLL|Win32.ActiveCfg = Debug|Win32
		{5506C2AB-7DD1-47BB-A77D-EB26E52BE41C}.DebugDoubleDLL|Win32.Build.0 = Debug|Win32
		{5506C2AB-7DD1-47BB-A77D-EB26E52BE41C}.DebugDoubleLib|Win32.ActiveCfg = Debug|Win32
		{5506C2AB-7DD1-47BB-A77D-EB26E52BE41C}.DebugDoubleLib|Win32.Build.0 = Debug|Win32
		{5506C2AB-7DD1-47BB-A77D-EB26E52BE41C}.DebugSingleDLL|Win32.ActiveCfg = Debug|Win32
		{5506C2AB-7DD1-47BB-A77D-EB26E52BE41C}.DebugSingleDLL|Win32.Build.0 = Debug|Win32
		{5506C2AB-7DD1-47BB-A77D-EB26E52BE41C}.DebugSingleLib|Win32.ActiveCfg = Debug|Win32
		{5506C2AB-7DD1-47BB-A77D-EB26E52BE41C}.DebugSingleLib|Win32.Build.0 = Debug|Win32
		{5506C2AB-7DD1-47BB-A77D-EB26E52BE41C}.Lua51_Debug|Win32.ActiveCfg = Debug|Win32
		{5506C2AB-7DD1-47BB-A77D-EB26E52BE41C}.Lua51_Debug|Win32.Build.0 = Debug|Win32
		{5506C2AB-7DD1-47BB-A77D-EB26E52BE41C}.Lua51_Release|Win32.ActiveCfg = Release|Win32
		{5506C2AB-7DD1-47BB-A77D-EB26E52BE41C}.Lua51_Release|Win32.Build.0 = Release|Win32
		{5506C2AB-7DD1-47BB-A77D-EB26E52BE41C}.Release|Win32.ActiveCfg = Release|Win32
		{5506C2AB-7DD1-47BB-A77D-EB26E52BE41C}.Release|Win32.Build.0 = Release|Win32
		{5506C2AB-7DD1-47BB-A77D-EB26E52BE41C}.ReleaseDoubleDLL|Win32.ActiveCfg = Release|Win32
		{5506C2AB-7DD1-47BB-A77D-EB26E52BE41C}.ReleaseDoubleDLL|Win32.Build.0 = Release|Win32
		{5506C2AB-7DD1-47BB-A77D-EB26E52BE41C}.ReleaseDoubleLib|Win32.ActiveCfg = Release|Win32
		{5506C2AB-7DD1-47BB-A77D-EB26E52BE41C}.ReleaseDoubleLib|Win32.Build.0 = Release|Win32
		{5506C2AB-7DD1-47BB-A77D-EB26E52BE41C}.ReleaseSingleDLL|Win32.ActiveCfg = Release|Win32
		{5506C2AB-7DD1-47BB-A77D-EB26E52BE41C}.ReleaseSingleDLL|Win32.Build.0 = Release|Win32
		{5506C2AB-7DD1-47BB-A77D-EB26E52BE41C}.ReleaseSingleLib|Win32.ActiveCfg = Release|Win32
		{5506C2AB-7DD1-47BB-A77D-EB26E52BE41C}.ReleaseSingleLib|Win32.Build.0 = Release|Win32
		{36832F70-6C9C-4495-B201-4EC0EA5ED635}.Debug|Win32.ActiveCfg = Debug|Win32
		{36832F70-6C9C-4495-B201-4EC0EA5ED635}.Debug|Win32.Build.0 = Debug|Win32
		{36832F70-6C9C-4495-B201-4EC0EA5ED635}.DebugDoubleDLL|Win32.ActiveCfg = Debug|Win32
		{36832F70-6C9C-4495-B201-4EC0EA5ED635}.DebugDoubleDLL|Win32.Build.0 = Debug|Win32
		{36832F70-6C9C-4495-B201-4EC0EA5ED635}.DebugDoubleLib|Win32.ActiveCfg = Debug|Win32
		{36832F70-6C9C-4495-B201-4EC0EA5ED635}.DebugDoubleLib|Win32.Build.0 = Debug|Win32
		{36832F70-6C9C-4495-B201-4EC0EA5ED635}.DebugSingleDLL|Win32.ActiveCfg = Debug|Win32
		{36832F70-6C9C-4495-B201-4EC0EA5ED635}.DebugSingleDLL|Win32.Build.0 = Debug|Win32
		{36832F70-6C9C-4495-B201-4EC0EA5ED635}.DebugSingleLib|Win32.ActiveCfg = Debug|Win32
		{36832F70-6C9C-4495-B201-4EC0EA5ED635}.DebugSingleLib|Win32.Build.0 = Debug|Win32
		{36832F70-6C9C-4495-B201-4EC0EA5ED635}.Lua51_Debug|Win32.ActiveCfg = Debug|Win32
		{36832F70-6C9C-4495-B201-4EC0EA5ED635}.Lua51_Debug|Win32.Build.0 = Debug|Win32
		{36832F70-6C9C-4495-B201-4EC0EA5ED635}.Lua51_Release|Win32.ActiveCfg = Release|Win32
		{36832F70-6C9C-4495-B201-4EC0EA5ED635}.Lua51_Release|Win32.Build.0 = Release|Win32
		{36832F70-6C9C-4495-B201-4EC0EA5ED635}.Release|Win32.ActiveCfg = Release|Win32
		{36832F70-6C9C-4495-B201-4EC0EA5ED635}.Release|Win32.Build.0 = Release|Win32
		{36832F70-6C9C-4495-B201-4EC0EA5ED635}.ReleaseDoubleDLL|Win32.ActiveCfg = Release|Win32
		{36832F70-6C9C-4495-B201-4EC0EA5ED635}.ReleaseDoubleDLL|Win32.Build.0 = Release|Win32
		{36832F70-6C9C-4495-B201-4EC0EA5ED635}.ReleaseDoubleLib|Win32.ActiveCfg = Release|Win32
		{36832F70-6C9C-4495-B201-4EC0EA5ED635}.ReleaseDoubleLib|Win32.Build.0 = Release|Win32
		{36832F70-6C9C-4495-B201-4EC0EA5ED635}.ReleaseSingleDLL|Win32.ActiveCfg = Release|Win32
		{36832F70-6C9C-4495-B201-4EC0EA5ED635}.ReleaseSingleDLL|Win32.Build.0 = Release|Win32
		{36832F70-6C9C-4495-B201-4EC0EA5ED635}.ReleaseSingleLib|Win32.ActiveCfg = Release|Win32
		{36832F70-6C9C-4495-B201-4EC0EA5ED635}.ReleaseSingleLib|Win32.Build.0 = Release|Win32
		{4BDE8392-B227-4D2A-8C44-DFFDB30E1914}.Debug|Win32.ActiveCfg = Debug|Win32
		{4BDE8392-B227-4D2A-8C44-DFFDB30E1914}.Debug|Win32.Build.0 = Debug|Win32
		{4BDE8392-B227-4D2A-8C44-DFFDB30E1914}.DebugDoubleDLL|Win32.ActiveCfg = Debug|Win32
		{4BDE8392-B227-4D2A-8C44-DFFDB30E1914}.DebugDoubleDLL|Win32.Build.0 = Debug|Win32
		{4BDE8392-B227-4D2A-8C44-DFFDB30E1914}.DebugDoubleLib|Win32.ActiveCfg = Debug|Win32
		{4BDE8392-B227-4D2A-8C44-DFFDB30E1914}.DebugDoubleLib|Win32.Build.0 = Debug|Win32
		{4BDE8392-B227-4D2A-8C44-DFFDB30E1914}.DebugSingleDLL|Win32.ActiveCfg = Debug|Win32
		{4BDE8392-B227-4D2A-8C44-DFFDB30E1914}.DebugSingleDLL|Win32.Build.0 = Debug|Win32
		{4BDE8392-B227-4D2A-8C44-DFFDB30E1914}.DebugSingleLib|Win32.ActiveCfg = Debug|Win32
		{4BDE8392-B227-4D2A-8C44-DFFDB30E1914}.DebugSingleLib|Win32.Build.0 = Debug|Win32
		{4BDE8392-B227-4D2A-8C44-DFFDB30E1914}.Lua51_Debug|Win32.ActiveCfg = Debug|Win32
		{4BDE8392-B227-4D2A-8C44-DFFDB30E1914}.Lua51_Debug|Win32.Build.0 = Debug|Win32
		{4BDE8392-B227-4D2A-8C44-DFFDB30E1914}.Lua51_Release|Win32.ActiveCfg = Release|Win32
		{4BDE8392-B227-4D2A-8C44-DFFDB30E1914}.Lua51_Release|Win32.Build.0 = Release|Win32
		{4BDE8392-B227-4D2A-8C44-DFFDB30E1914}.Release|Win32.ActiveCfg = Release|Win32
		{4BDE8392-B227-4D2A-8C44-DFFDB30E1914}.Release|Win32.Build.0 = Release|Win32
		{4BDE8392-B227-4D2A-8C44-DFFDB30E1914}.ReleaseDoubleDLL|Win32.ActiveCfg = Release|Win32
		{4BDE8392-B227-4D2A-8C44-DFFDB30E1914}.ReleaseDoubleDLL|Win32.Build.0 = Release|Win32
		{4BDE8392-B227-4D2A-8C44-DFFDB30E1914}.ReleaseDoubleLib|Win32.ActiveCfg = Release|Win32
		{4BDE8392-B227-4D2A-8C44-DFFDB30E1914}.ReleaseDoubleLib|Win32.Build.0 = Release|Win32
		{4BDE8392-B227-4D2A-8C44-DFFDB30E1914}.ReleaseSingleDLL|Win32.ActiveCfg = Release|Win32
		{4BDE8392-B227-4D2A-8C44-DFFDB30E1914}.ReleaseSingleDLL|Win32.Build.0 = Release|Win32
		{4BDE8392-B227-4D2A-8C44-DFFDB30E1914}.ReleaseSingleLib|Win32.ActiveCfg = Release|Win32
		{4BDE8392-B227-4D2A-8C44-DFFDB30E1914}.ReleaseSingleLib|Win32.Build.0 = Release|Win32
		{EB2BA22F-CD20-BB42-95C6-F8ED3795FA13}.Debug|Win32.ActiveCfg = DebugSingleLib|Win32
		{EB2BA22F-CD20-BB42-95C6-F8ED3795FA13}.Debug|Win32.Build.0 = DebugSingleLib|Win32
		{EB2BA22F-CD20-BB42-95C6-F8ED3795FA13}.DebugDoubleDLL|Win32.ActiveCfg = DebugDoubleDLL|Win32
		{EB2BA22F-CD20-BB42-95C6-F8ED3795FA13}.DebugDoubleDLL|Win32.Build.0 = DebugDoubleDLL|Win32
		{EB2BA22F-CD20-BB42-95C6-F8ED3795FA13}.DebugDoubleLib|Win32.ActiveCfg = DebugDoubleLib|Win32
		{EB2BA22F-CD20-BB42-95C6-F8ED3795FA13}.DebugDoubleLib|Win32.Build.0 = DebugDoubleLib|Win32
		{EB2BA22F-CD20-BB42-95C6-F8ED3795FA13}.DebugSingleDLL|Win32.ActiveCfg = DebugSingleDLL|Win32
		{EB2BA22F-CD20-BB42-95C6-F8ED3795FA13}.DebugSingleDLL|Win32.Build.0 = DebugSingleDLL|Win32
		{EB2BA22F-CD20-BB42-95C6-F8ED3795FA13}.DebugSingleLib|Win32.ActiveCfg = DebugSingleLib|Win32
		{EB2BA22F-CD20-BB42-95C6-F8ED3795FA13}.DebugSingleLib|Win32.Build.0 = DebugSingleLib|Win32
		{EB2BA22F-CD20-BB42-95C6-F8ED3795FA13}.Lua51_Debug|Win32.ActiveCfg = ReleaseSingleLib|Win32
		{EB2BA22F-CD20-BB42-95C6-F8ED3795FA13}.Lua51_Debug|Win32.Build.0 = ReleaseSingleLib|Win32
		{EB2BA22F-CD20-BB42-95C6-F8ED3795FA13}.Lua51_Release|Win32.ActiveCfg = ReleaseSingleLib|Win32
		{EB2BA22F-CD20-BB42-95C6-F8ED3795FA13}.Lua51_Release|Win32.Build.0 = ReleaseSingleLib|Win32
		{EB2BA22F-CD20-BB42-95C6-F8ED3795FA13}.Release|Win32.ActiveCfg = ReleaseSingleLib|Win32
		{EB2BA22F-CD20-BB42-95C6-F8ED3795FA13}.Release|Win32.Build.0 = ReleaseSingleLib|Win32
		{EB2BA22F-CD20-BB42-95C6-F8ED3795FA13}.ReleaseDoubleDLL|Win32.ActiveCfg = ReleaseDoubleDLL|Win32
		{EB2BA22F-CD20-BB42-95C6-F8ED3795FA13}.ReleaseDoubleDLL|Win32.Build.0 = ReleaseDoubleDLL|Win32
		{EB2BA22F-CD20-BB42-95C6-F8ED3795FA13}.ReleaseDoubleLib|Win32.ActiveCfg = ReleaseDoubleLib|Win32
		{EB2BA22F-CD20-BB42-95C6-F8ED3795FA13}.ReleaseDoubleLib|Win32.Build.0 = ReleaseDoubleLib|Win32
		{EB2BA22F-CD20-BB42-95C6-F8ED3795FA13}.ReleaseSingleDLL|Win32.ActiveCfg = ReleaseSingleDLL|Win32
		{EB2BA22F-CD20-BB42-95C6-F8ED3795FA13}.ReleaseSingleDLL|Win32.Build.0 = ReleaseSingleDLL|Win32
		{EB2BA22F-CD20-BB42-95C6-F8ED3795FA13}.ReleaseSingleLib|Win32.ActiveCfg = ReleaseSingleLib|Win32
		{EB2BA22F-CD20-BB42-95C6-F8ED3795FA13}.ReleaseSingleLib|Win32.Build.0 = ReleaseSingleLib|Win32
		{71891C1A-E328-4258-AC3F-6F9698C6D8B4}.Debug|Win32.ActiveCfg = Lua51_Debug|Win32
		{71891C1A-E328-4258-AC3F-6F9698C6D8B4}.Debug|Win32.Build.0 = Lua51_Debug|Win32
		{71891C1A-E328-4258-AC3F-6F9698C6D8B4}.DebugDoubleDLL|Win32.ActiveCfg = Lua51_Release|Win32
		{71891C1A-E328-4258-AC3F-6F9698C6D8B4}.DebugDoubleDLL|Win32.Build.0 = Lua51_Release|Win32
		{71891C1A-E328-4258-AC3F-6F9698C6D8B4}.DebugDoubleLib|Win32.ActiveCfg = Lua51_Release|Win32
		{71891C1A-E328-4258-AC3F-6F9698C6D8B4}.DebugDoubleLib|Win32.Build.0 = Lua51_Release|Win32
		{71891C1A-E328-4258-AC3F-6F9698C6D8B4}.DebugSingleDLL|Win32.ActiveCfg = Lua51_Release|Win32
		{71891C1A-E328-4258-AC3F-6F9698C6D8B4}.DebugSingleDLL|Win32.Build.0 = Lua51_Release|Win32
		{71891C1A-E328-4258-AC3F-6F9698C6D8B4}.DebugSingleLib|Win32.ActiveCfg = Lua51_Release|Win32
		{71891C1A-E328-4258-AC3F-6F9698C6D8B4}.DebugSingleLib|Win32.Build.0 = Lua51_Release|Win32
		{71891C1A-E328-4258-AC3F-6F9698C6D8B4}.Lua51_Debug|Win32.ActiveCfg = Lua51_Debug|Win32
		{71891C1A-E328-4258-AC3F-6F9698C6D8B4}.Lua51_Debug|Win32.Build.0 = Lua51_Debug|Win32
		{71891C1A-E328-4258-AC3F-6F9698C6D8B4}.Lua51_Release|Win32.ActiveCfg = Lua51_Release|Win32
		{71891C1A-E328-4258-AC3F-6F9698C6D8B4}.Lua51_Release|Win32.Build.0 = Lua51_Release|Win32
		{71891C1A-E328-4258-AC3F-6F9698C6D8B4}.Release|Win32.ActiveCfg = Lua51_Release|Win32
		{71891C1A-E328-4258-AC3F-6F9698C6D8B4}.Release|Win32.Build.0 = Lua51_Release|Win32
		{71891C1A-E328-4258-AC3F-6F9698C6D8B4}.ReleaseDoubleDLL|Win32.ActiveCfg = Lua51_Release|Win32
		{71891C1A-E328-4258-AC3F-6F9698C6D8B4}.ReleaseDoubleDLL|Win32.Build.0 = Lua51_Release|Win32
		{71891C1A-E328-4258-AC3F-6F9698C6D8B4}.ReleaseDoubleLib|Win32.ActiveCfg = Lua51_Release|Win32
		{71891C1A-E328-4258-AC3F-6F9698C6D8B4}.ReleaseDoubleLib|Win32.Build.0 = Lua51_Release|Win32
		{71891C1A-E328-4258-AC3F-6F9698C6D8B4}.ReleaseSingleDLL|Win32.ActiveCfg = Lua51_Release|Win32
		{71891C1A-E328-4258-AC3F-6F9698C6D8B4}.ReleaseSingleDLL|Win32.Build.0 = Lua51_Release|Win32
		{71891C1A-E328-4258-AC3F-6F9698C6D8B4}.ReleaseSingleLib|Win32.ActiveCfg = Lua51_Release|Win32
		{71891C1A-E328-4258-AC3F-6F9698C6D8B4}.ReleaseSingleLib|Win32.Build.0 = Lua51_Release|Win32
	EndGlobalSection
	GlobalSection(SolutionProperties) = preSolution
		HideSolutionNode = FALSE
	EndGlobalSection
EndGlobal
