Microsoft Visual Studio Solution File, Format Version 12.00
# Visual Studio 11
Project("{8BC9CEB8-8B4A-11D0-8D11-00A0C91BC942}") = "OIS", "OIS_vc11.vcxproj", "{9CC704CB-4956-4479-BDEC-57CBC03F700E}"
EndProject
Project("{8BC9CEB8-8B4A-11D0-8D11-00A0C91BC942}") = "Demo_Console", "CommandLine\CommandLine_vc11.vcxproj", "{7AC600E2-2B46-4204-8DEB-9E49A9BAF65F}"
EndProject
Project("{8BC9CEB8-8B4A-11D0-8D11-00A0C91BC942}") = "Demo_FFTest", "DemoFFTest\DemoFFTest_vc11.vcxproj", "{D1912D13-C99D-4959-ABDC-62BF71AD5A1A}"
EndProject
Global
	GlobalSection(SolutionConfigurationPlatforms) = preSolution
		DebugDll|Win32 = DebugDll|Win32
		DebugDll|x64 = DebugDll|x64
		Debug|Win32 = Debug|Win32
		Debug|x64 = Debug|x64
		ReleaseDll|Win32 = ReleaseDll|Win32
		ReleaseDll|x64 = ReleaseDll|x64
		Release|Win32 = Release|Win32
		Release|x64 = Release|x64
	EndGlobalSection
	GlobalSection(ProjectConfigurationPlatforms) = postSolution
		{7AC600E2-2B46-4204-8DEB-9E49A9BAF65F}.DebugDll|Win32.ActiveCfg = Debug|Win32
		{7AC600E2-2B46-4204-8DEB-9E49A9BAF65F}.DebugDll|Win32.Build.0 = Debug|Win32
		{7AC600E2-2B46-4204-8DEB-9E49A9BAF65F}.DebugDll|x64.ActiveCfg = Debug|x64
		{7AC600E2-2B46-4204-8DEB-9E49A9BAF65F}.DebugDll|x64.Build.0 = Debug|x64
		{7AC600E2-2B46-4204-8DEB-9E49A9BAF65F}.Debug|Win32.ActiveCfg = Debug|Win32
		{7AC600E2-2B46-4204-8DEB-9E49A9BAF65F}.Debug|Win32.Build.0 = Debug|Win32
		{7AC600E2-2B46-4204-8DEB-9E49A9BAF65F}.Debug|x64.ActiveCfg = Debug|x64
		{7AC600E2-2B46-4204-8DEB-9E49A9BAF65F}.Debug|x64.Build.0 = Debug|x64
		{7AC600E2-2B46-4204-8DEB-9E49A9BAF65F}.ReleaseDll|Win32.ActiveCfg = Release|Win32
		{7AC600E2-2B46-4204-8DEB-9E49A9BAF65F}.ReleaseDll|Win32.Build.0 = Release|Win32
		{7AC600E2-2B46-4204-8DEB-9E49A9BAF65F}.ReleaseDll|x64.ActiveCfg = Release|x64
		{7AC600E2-2B46-4204-8DEB-9E49A9BAF65F}.ReleaseDll|x64.Build.0 = Release|x64
		{7AC600E2-2B46-4204-8DEB-9E49A9BAF65F}.Release|Win32.ActiveCfg = Release|Win32
		{7AC600E2-2B46-4204-8DEB-9E49A9BAF65F}.Release|Win32.Build.0 = Release|Win32
		{7AC600E2-2B46-4204-8DEB-9E49A9BAF65F}.Release|x64.ActiveCfg = Release|x64
		{7AC600E2-2B46-4204-8DEB-9E49A9BAF65F}.Release|x64.Build.0 = Release|x64
		{9CC704CB-4956-4479-BDEC-57CBC03F700E}.DebugDll|Win32.ActiveCfg = OIS_DebugDll|Win32
		{9CC704CB-4956-4479-BDEC-57CBC03F700E}.DebugDll|Win32.Build.0 = OIS_DebugDll|Win32
		{9CC704CB-4956-4479-BDEC-57CBC03F700E}.DebugDll|x64.ActiveCfg = OIS_DebugDll|x64
		{9CC704CB-4956-4479-BDEC-57CBC03F700E}.DebugDll|x64.Build.0 = OIS_DebugDll|x64
		{9CC704CB-4956-4479-BDEC-57CBC03F700E}.Debug|Win32.ActiveCfg = Debug|Win32
		{9CC704CB-4956-4479-BDEC-57CBC03F700E}.Debug|Win32.Build.0 = Debug|Win32
		{9CC704CB-4956-4479-BDEC-57CBC03F700E}.Debug|x64.ActiveCfg = Debug|x64
		{9CC704CB-4956-4479-BDEC-57CBC03F700E}.Debug|x64.Build.0 = Debug|x64
		{9CC704CB-4956-4479-BDEC-57CBC03F700E}.ReleaseDll|Win32.ActiveCfg = OIS_ReleaseDll|Win32
		{9CC704CB-4956-4479-BDEC-57CBC03F700E}.ReleaseDll|Win32.Build.0 = OIS_ReleaseDll|Win32
		{9CC704CB-4956-4479-BDEC-57CBC03F700E}.ReleaseDll|x64.ActiveCfg = OIS_ReleaseDll|x64
		{9CC704CB-4956-4479-BDEC-57CBC03F700E}.ReleaseDll|x64.Build.0 = OIS_ReleaseDll|x64
		{9CC704CB-4956-4479-BDEC-57CBC03F700E}.Release|Win32.ActiveCfg = Release|Win32
		{9CC704CB-4956-4479-BDEC-57CBC03F700E}.Release|Win32.Build.0 = Release|Win32
		{9CC704CB-4956-4479-BDEC-57CBC03F700E}.Release|x64.ActiveCfg = Release|x64
		{9CC704CB-4956-4479-BDEC-57CBC03F700E}.Release|x64.Build.0 = Release|x64
		{D1912D13-C99D-4959-ABDC-62BF71AD5A1A}.DebugDll|Win32.ActiveCfg = Debug|Win32
		{D1912D13-C99D-4959-ABDC-62BF71AD5A1A}.DebugDll|Win32.Build.0 = Debug|Win32
		{D1912D13-C99D-4959-ABDC-62BF71AD5A1A}.DebugDll|x64.ActiveCfg = Debug|x64
		{D1912D13-C99D-4959-ABDC-62BF71AD5A1A}.DebugDll|x64.Build.0 = Debug|x64
		{D1912D13-C99D-4959-ABDC-62BF71AD5A1A}.Debug|Win32.ActiveCfg = Debug|Win32
		{D1912D13-C99D-4959-ABDC-62BF71AD5A1A}.Debug|Win32.Build.0 = Debug|Win32
		{D1912D13-C99D-4959-ABDC-62BF71AD5A1A}.Debug|x64.ActiveCfg = Debug|x64
		{D1912D13-C99D-4959-ABDC-62BF71AD5A1A}.Debug|x64.Build.0 = Debug|x64
		{D1912D13-C99D-4959-ABDC-62BF71AD5A1A}.ReleaseDll|Win32.ActiveCfg = Release|Win32
		{D1912D13-C99D-4959-ABDC-62BF71AD5A1A}.ReleaseDll|Win32.Build.0 = Release|Win32
		{D1912D13-C99D-4959-ABDC-62BF71AD5A1A}.ReleaseDll|x64.ActiveCfg = Release|x64
		{D1912D13-C99D-4959-ABDC-62BF71AD5A1A}.ReleaseDll|x64.Build.0 = Release|x64
		{D1912D13-C99D-4959-ABDC-62BF71AD5A1A}.Release|Win32.ActiveCfg = Release|Win32
		{D1912D13-C99D-4959-ABDC-62BF71AD5A1A}.Release|Win32.Build.0 = Release|Win32
		{D1912D13-C99D-4959-ABDC-62BF71AD5A1A}.Release|x64.ActiveCfg = Release|x64
		{D1912D13-C99D-4959-ABDC-62BF71AD5A1A}.Release|x64.Build.0 = Release|x64
	EndGlobalSection
	GlobalSection(SolutionProperties) = preSolution
		HideSolutionNode = FALSE
	EndGlobalSection
EndGlobal
